
Microsoft Visual Studio Solution File, Format Version 12.00
# Visual Studio Version 17
VisualStudioVersion = 17.11.35222.181
MinimumVisualStudioVersion = 10.0.40219.1
Project("{FAE04EC0-301F-11D3-BF4B-00C04F79EFBC}") = "RouterDetector", "RouterDetector\RouterDetector.csproj", "{2853E723-F036-43D8-A462-BB246C81EF06}"
EndProject
Project("{FAE04EC0-301F-11D3-BF4B-00C04F79EFBC}") = "RouterDetector.CaptureConsole", "RouterDetector.CaptureConsole\RouterDetector.CaptureConsole.csproj", "{C02912FF-F393-473F-B3E2-018A2AF99552}"
EndProject
Project("{FAE04EC0-301F-11D3-BF4B-00C04F79EFBC}") = "RouterDetector.CaptureConsole.Tests", "RouterDetector.CaptureConsole.Tests\RouterDetector.CaptureConsole.Tests.csproj", "{44B4AFB4-0E81-4E9F-837B-1609C29266A3}"
EndProject
Global
	GlobalSection(SolutionConfigurationPlatforms) = preSolution
		Debug|Any CPU = Debug|Any CPU
		Release|Any CPU = Release|Any CPU
	EndGlobalSection
	GlobalSection(ProjectConfigurationPlatforms) = postSolution
		{2853E723-F036-43D8-A462-BB246C81EF06}.Debug|Any CPU.ActiveCfg = Debug|Any CPU
		{2853E723-F036-43D8-A462-BB246C81EF06}.Debug|Any CPU.Build.0 = Debug|Any CPU
		{2853E723-F036-43D8-A462-BB246C81EF06}.Release|Any CPU.ActiveCfg = Release|Any CPU
		{2853E723-F036-43D8-A462-BB246C81EF06}.Release|Any CPU.Build.0 = Release|Any CPU
		{C02912FF-F393-473F-B3E2-018A2AF99552}.Debug|Any CPU.ActiveCfg = Debug|Any CPU
		{C02912FF-F393-473F-B3E2-018A2AF99552}.Debug|Any CPU.Build.0 = Debug|Any CPU
		{C02912FF-F393-473F-B3E2-018A2AF99552}.Release|Any CPU.ActiveCfg = Release|Any CPU
		{C02912FF-F393-473F-B3E2-018A2AF99552}.Release|Any CPU.Build.0 = Release|Any CPU
		{44B4AFB4-0E81-4E9F-837B-1609C29266A3}.Debug|Any CPU.ActiveCfg = Debug|Any CPU
		{44B4AFB4-0E81-4E9F-837B-1609C29266A3}.Debug|Any CPU.Build.0 = Debug|Any CPU
		{44B4AFB4-0E81-4E9F-837B-1609C29266A3}.Release|Any CPU.ActiveCfg = Release|Any CPU
		{44B4AFB4-0E81-4E9F-837B-1609C29266A3}.Release|Any CPU.Build.0 = Release|Any CPU
	EndGlobalSection
	GlobalSection(SolutionProperties) = preSolution
		HideSolutionNode = FALSE
	EndGlobalSection
	GlobalSection(ExtensibilityGlobals) = postSolution
		SolutionGuid = {0E786A30-F74E-457F-A3B8-BF9439589380}
	EndGlobalSection
EndGlobal
